// !$*UTF8*$!
{
	archiveVersion = 1;
	classes = {
	};
	objectVersion = 55;
	objects = {

/* Begin PBXBuildFile section */
		334C55002886DE9500C4160E /* ExpandableViewCell.swift in Sources */ = {isa = PBXBuildFile; fileRef = 334C54FF2886DE9500C4160E /* ExpandableViewCell.swift */; };
		334C550228873D3100C4160E /* FamousAthletesTableViewCell.swift in Sources */ = {isa = PBXBuildFile; fileRef = 334C550128873D3100C4160E /* FamousAthletesTableViewCell.swift */; };
		334C550D2887408200C4160E /* Localizable.strings in Resources */ = {isa = PBXBuildFile; fileRef = 334C550F2887408200C4160E /* Localizable.strings */; };
		33E58B35287F14EC007EEEE7 /* AppDelegate.swift in Sources */ = {isa = PBXBuildFile; fileRef = 33E58B34287F14EC007EEEE7 /* AppDelegate.swift */; };
		33E58B37287F14EC007EEEE7 /* SceneDelegate.swift in Sources */ = {isa = PBXBuildFile; fileRef = 33E58B36287F14EC007EEEE7 /* SceneDelegate.swift */; };
		33E58B39287F14EC007EEEE7 /* ViewController.swift in Sources */ = {isa = PBXBuildFile; fileRef = 33E58B38287F14EC007EEEE7 /* ViewController.swift */; };
		33E58B3C287F14EC007EEEE7 /* Main.storyboard in Resources */ = {isa = PBXBuildFile; fileRef = 33E58B3A287F14EC007EEEE7 /* Main.storyboard */; };
		33E58B3E287F14ED007EEEE7 /* Assets.xcassets in Resources */ = {isa = PBXBuildFile; fileRef = 33E58B3D287F14ED007EEEE7 /* Assets.xcassets */; };
		33E58B41287F14ED007EEEE7 /* LaunchScreen.storyboard in Resources */ = {isa = PBXBuildFile; fileRef = 33E58B3F287F14ED007EEEE7 /* LaunchScreen.storyboard */; };
		33E58B4C287F14ED007EEEE7 /* WorldOfGolfTests.swift in Sources */ = {isa = PBXBuildFile; fileRef = 33E58B4B287F14ED007EEEE7 /* WorldOfGolfTests.swift */; };
		33E58B56287F14ED007EEEE7 /* WorldOfGolfUITests.swift in Sources */ = {isa = PBXBuildFile; fileRef = 33E58B55287F14ED007EEEE7 /* WorldOfGolfUITests.swift */; };
		33E58B58287F14ED007EEEE7 /* WorldOfGolfUITestsLaunchTests.swift in Sources */ = {isa = PBXBuildFile; fileRef = 33E58B57287F14ED007EEEE7 /* WorldOfGolfUITestsLaunchTests.swift */; };
		33E58B6B287F2654007EEEE7 /* MenuViewController.swift in Sources */ = {isa = PBXBuildFile; fileRef = 33E58B6A287F2654007EEEE7 /* MenuViewController.swift */; };
		33E58B6D287F27F7007EEEE7 /* MenuFirstTableViewCell.swift in Sources */ = {isa = PBXBuildFile; fileRef = 33E58B6C287F27F7007EEEE7 /* MenuFirstTableViewCell.swift */; };
		33E58B6F287F281A007EEEE7 /* MenuSecondTableViewCell.swift in Sources */ = {isa = PBXBuildFile; fileRef = 33E58B6E287F281A007EEEE7 /* MenuSecondTableViewCell.swift */; };
		33F98EFD2881A19A004EEB37 /* AthletesViewController.swift in Sources */ = {isa = PBXBuildFile; fileRef = 33F98EFB2881A19A004EEB37 /* AthletesViewController.swift */; };
		33F98F002881A1C9004EEB37 /* ChampionshipsViewController.swift in Sources */ = {isa = PBXBuildFile; fileRef = 33F98EFF2881A1C9004EEB37 /* ChampionshipsViewController.swift */; };
		33F98F022881A1E6004EEB37 /* InventoryViewController.swift in Sources */ = {isa = PBXBuildFile; fileRef = 33F98F012881A1E6004EEB37 /* InventoryViewController.swift */; };
		33F98F042881A1F0004EEB37 /* RulesViewController.swift in Sources */ = {isa = PBXBuildFile; fileRef = 33F98F032881A1F0004EEB37 /* RulesViewController.swift */; };
		33F98F062881A1F8004EEB37 /* DetailsViewController.swift in Sources */ = {isa = PBXBuildFile; fileRef = 33F98F052881A1F8004EEB37 /* DetailsViewController.swift */; };
		33F98F082881A207004EEB37 /* MainViewController.swift in Sources */ = {isa = PBXBuildFile; fileRef = 33F98F072881A207004EEB37 /* MainViewController.swift */; };
		4E7D0F4F2886CD20001FAB3E /* ImageCell.swift in Sources */ = {isa = PBXBuildFile; fileRef = 4E7D0F4E2886CD20001FAB3E /* ImageCell.swift */; };
		4E7D0F512886D283001FAB3E /* ExpandableTableViewCell.swift in Sources */ = {isa = PBXBuildFile; fileRef = 4E7D0F502886D283001FAB3E /* ExpandableTableViewCell.swift */; };
		4EA17E78288823240082690C /* ExpandedTableViewCell.swift in Sources */ = {isa = PBXBuildFile; fileRef = 4EA17E77288823240082690C /* ExpandedTableViewCell.swift */; };
		4EC906012882E0190073AACA /* UIImage+.swift in Sources */ = {isa = PBXBuildFile; fileRef = 4EC906002882E0190073AACA /* UIImage+.swift */; };
		4EC906032882E2980073AACA /* UI+.swift in Sources */ = {isa = PBXBuildFile; fileRef = 4EC906022882E2980073AACA /* UI+.swift */; };
		4EC906062882EC6D0073AACA /* InteractiveViewController.swift in Sources */ = {isa = PBXBuildFile; fileRef = 4EC906052882EC6D0073AACA /* InteractiveViewController.swift */; };
/* End PBXBuildFile section */

/* Begin PBXContainerItemProxy section */
		33E58B48287F14ED007EEEE7 /* PBXContainerItemProxy */ = {
			isa = PBXContainerItemProxy;
			containerPortal = 33E58B29287F14EC007EEEE7 /* Project object */;
			proxyType = 1;
			remoteGlobalIDString = 33E58B30287F14EC007EEEE7;
			remoteInfo = WorldOfGolf;
		};
		33E58B52287F14ED007EEEE7 /* PBXContainerItemProxy */ = {
			isa = PBXContainerItemProxy;
			containerPortal = 33E58B29287F14EC007EEEE7 /* Project object */;
			proxyType = 1;
			remoteGlobalIDString = 33E58B30287F14EC007EEEE7;
			remoteInfo = WorldOfGolf;
		};
/* End PBXContainerItemProxy section */

/* Begin PBXFileReference section */
		334C54FF2886DE9500C4160E /* ExpandableViewCell.swift */ = {isa = PBXFileReference; lastKnownFileType = sourcecode.swift; path = ExpandableViewCell.swift; sourceTree = "<group>"; };
		334C550128873D3100C4160E /* FamousAthletesTableViewCell.swift */ = {isa = PBXFileReference; lastKnownFileType = sourcecode.swift; path = FamousAthletesTableViewCell.swift; sourceTree = "<group>"; };
		334C550728873F9300C4160E /* Base */ = {isa = PBXFileReference; lastKnownFileType = file.storyboard; name = Base; path = Base.lproj/Main.storyboard; sourceTree = "<group>"; };
		334C550828873F9300C4160E /* Base */ = {isa = PBXFileReference; lastKnownFileType = file.storyboard; name = Base; path = Base.lproj/LaunchScreen.storyboard; sourceTree = "<group>"; };
		334C550928873FAF00C4160E /* ru */ = {isa = PBXFileReference; lastKnownFileType = text.plist.strings; name = ru; path = ru.lproj/Main.strings; sourceTree = "<group>"; };
		334C550A28873FAF00C4160E /* ru */ = {isa = PBXFileReference; lastKnownFileType = text.plist.strings; name = ru; path = ru.lproj/LaunchScreen.strings; sourceTree = "<group>"; };
		334C550E2887408200C4160E /* en */ = {isa = PBXFileReference; lastKnownFileType = text.plist.strings; name = en; path = en.lproj/Localizable.strings; sourceTree = "<group>"; };
		334C55102887408A00C4160E /* ru */ = {isa = PBXFileReference; lastKnownFileType = text.plist.strings; name = ru; path = ru.lproj/Localizable.strings; sourceTree = "<group>"; };
		33E58B31287F14EC007EEEE7 /* WorldOfGolf.app */ = {isa = PBXFileReference; explicitFileType = wrapper.application; includeInIndex = 0; path = WorldOfGolf.app; sourceTree = BUILT_PRODUCTS_DIR; };
		33E58B34287F14EC007EEEE7 /* AppDelegate.swift */ = {isa = PBXFileReference; lastKnownFileType = sourcecode.swift; path = AppDelegate.swift; sourceTree = "<group>"; };
		33E58B36287F14EC007EEEE7 /* SceneDelegate.swift */ = {isa = PBXFileReference; lastKnownFileType = sourcecode.swift; path = SceneDelegate.swift; sourceTree = "<group>"; };
		33E58B38287F14EC007EEEE7 /* ViewController.swift */ = {isa = PBXFileReference; lastKnownFileType = sourcecode.swift; path = ViewController.swift; sourceTree = "<group>"; };
		33E58B3D287F14ED007EEEE7 /* Assets.xcassets */ = {isa = PBXFileReference; lastKnownFileType = folder.assetcatalog; path = Assets.xcassets; sourceTree = "<group>"; };
		33E58B42287F14ED007EEEE7 /* Info.plist */ = {isa = PBXFileReference; lastKnownFileType = text.plist.xml; path = Info.plist; sourceTree = "<group>"; };
		33E58B47287F14ED007EEEE7 /* WorldOfGolfTests.xctest */ = {isa = PBXFileReference; explicitFileType = wrapper.cfbundle; includeInIndex = 0; path = WorldOfGolfTests.xctest; sourceTree = BUILT_PRODUCTS_DIR; };
		33E58B4B287F14ED007EEEE7 /* WorldOfGolfTests.swift */ = {isa = PBXFileReference; lastKnownFileType = sourcecode.swift; path = WorldOfGolfTests.swift; sourceTree = "<group>"; };
		33E58B51287F14ED007EEEE7 /* WorldOfGolfUITests.xctest */ = {isa = PBXFileReference; explicitFileType = wrapper.cfbundle; includeInIndex = 0; path = WorldOfGolfUITests.xctest; sourceTree = BUILT_PRODUCTS_DIR; };
		33E58B55287F14ED007EEEE7 /* WorldOfGolfUITests.swift */ = {isa = PBXFileReference; lastKnownFileType = sourcecode.swift; path = WorldOfGolfUITests.swift; sourceTree = "<group>"; };
		33E58B57287F14ED007EEEE7 /* WorldOfGolfUITestsLaunchTests.swift */ = {isa = PBXFileReference; lastKnownFileType = sourcecode.swift; path = WorldOfGolfUITestsLaunchTests.swift; sourceTree = "<group>"; };
		33E58B6A287F2654007EEEE7 /* MenuViewController.swift */ = {isa = PBXFileReference; lastKnownFileType = sourcecode.swift; path = MenuViewController.swift; sourceTree = "<group>"; };
		33E58B6C287F27F7007EEEE7 /* MenuFirstTableViewCell.swift */ = {isa = PBXFileReference; lastKnownFileType = sourcecode.swift; path = MenuFirstTableViewCell.swift; sourceTree = "<group>"; };
		33E58B6E287F281A007EEEE7 /* MenuSecondTableViewCell.swift */ = {isa = PBXFileReference; lastKnownFileType = sourcecode.swift; path = MenuSecondTableViewCell.swift; sourceTree = "<group>"; };
		33F98EFB2881A19A004EEB37 /* AthletesViewController.swift */ = {isa = PBXFileReference; lastKnownFileType = sourcecode.swift; path = AthletesViewController.swift; sourceTree = "<group>"; };
		33F98EFF2881A1C9004EEB37 /* ChampionshipsViewController.swift */ = {isa = PBXFileReference; lastKnownFileType = sourcecode.swift; path = ChampionshipsViewController.swift; sourceTree = "<group>"; };
		33F98F012881A1E6004EEB37 /* InventoryViewController.swift */ = {isa = PBXFileReference; lastKnownFileType = sourcecode.swift; path = InventoryViewController.swift; sourceTree = "<group>"; };
		33F98F032881A1F0004EEB37 /* RulesViewController.swift */ = {isa = PBXFileReference; lastKnownFileType = sourcecode.swift; path = RulesViewController.swift; sourceTree = "<group>"; };
		33F98F052881A1F8004EEB37 /* DetailsViewController.swift */ = {isa = PBXFileReference; lastKnownFileType = sourcecode.swift; path = DetailsViewController.swift; sourceTree = "<group>"; };
		33F98F072881A207004EEB37 /* MainViewController.swift */ = {isa = PBXFileReference; lastKnownFileType = sourcecode.swift; path = MainViewController.swift; sourceTree = "<group>"; };
		4E7D0F4E2886CD20001FAB3E /* ImageCell.swift */ = {isa = PBXFileReference; lastKnownFileType = sourcecode.swift; path = ImageCell.swift; sourceTree = "<group>"; };
		4E7D0F502886D283001FAB3E /* ExpandableTableViewCell.swift */ = {isa = PBXFileReference; lastKnownFileType = sourcecode.swift; path = ExpandableTableViewCell.swift; sourceTree = "<group>"; };
		4EA17E77288823240082690C /* ExpandedTableViewCell.swift */ = {isa = PBXFileReference; lastKnownFileType = sourcecode.swift; path = ExpandedTableViewCell.swift; sourceTree = "<group>"; };
		4EC906002882E0190073AACA /* UIImage+.swift */ = {isa = PBXFileReference; lastKnownFileType = sourcecode.swift; path = "UIImage+.swift"; sourceTree = "<group>"; };
		4EC906022882E2980073AACA /* UI+.swift */ = {isa = PBXFileReference; lastKnownFileType = sourcecode.swift; path = "UI+.swift"; sourceTree = "<group>"; };
		4EC906052882EC6D0073AACA /* InteractiveViewController.swift */ = {isa = PBXFileReference; lastKnownFileType = sourcecode.swift; path = InteractiveViewController.swift; sourceTree = "<group>"; };
/* End PBXFileReference section */

/* Begin PBXFrameworksBuildPhase section */
		33E58B2E287F14EC007EEEE7 /* Frameworks */ = {
			isa = PBXFrameworksBuildPhase;
			buildActionMask = 2147483647;
			files = (
			);
			runOnlyForDeploymentPostprocessing = 0;
		};
		33E58B44287F14ED007EEEE7 /* Frameworks */ = {
			isa = PBXFrameworksBuildPhase;
			buildActionMask = 2147483647;
			files = (
			);
			runOnlyForDeploymentPostprocessing = 0;
		};
		33E58B4E287F14ED007EEEE7 /* Frameworks */ = {
			isa = PBXFrameworksBuildPhase;
			buildActionMask = 2147483647;
			files = (
			);
			runOnlyForDeploymentPostprocessing = 0;
		};
/* End PBXFrameworksBuildPhase section */

/* Begin PBXGroup section */
		33E58B28287F14EC007EEEE7 = {
			isa = PBXGroup;
			children = (
				33E58B33287F14EC007EEEE7 /* WorldOfGolf */,
				33E58B4A287F14ED007EEEE7 /* WorldOfGolfTests */,
				33E58B54287F14ED007EEEE7 /* WorldOfGolfUITests */,
				33E58B32287F14EC007EEEE7 /* Products */,
			);
			sourceTree = "<group>";
		};
		33E58B32287F14EC007EEEE7 /* Products */ = {
			isa = PBXGroup;
			children = (
				33E58B31287F14EC007EEEE7 /* WorldOfGolf.app */,
				33E58B47287F14ED007EEEE7 /* WorldOfGolfTests.xctest */,
				33E58B51287F14ED007EEEE7 /* WorldOfGolfUITests.xctest */,
			);
			name = Products;
			sourceTree = "<group>";
		};
		33E58B33287F14EC007EEEE7 /* WorldOfGolf */ = {
			isa = PBXGroup;
			children = (
				4EC905FF2882E00D0073AACA /* Util */,
				33E58B67287F17C4007EEEE7 /* Ui */,
				33E58B34287F14EC007EEEE7 /* AppDelegate.swift */,
				33E58B36287F14EC007EEEE7 /* SceneDelegate.swift */,
				33E58B38287F14EC007EEEE7 /* ViewController.swift */,
				33E58B3A287F14EC007EEEE7 /* Main.storyboard */,
				33E58B3D287F14ED007EEEE7 /* Assets.xcassets */,
				33E58B3F287F14ED007EEEE7 /* LaunchScreen.storyboard */,
				33E58B42287F14ED007EEEE7 /* Info.plist */,
				334C550F2887408200C4160E /* Localizable.strings */,
			);
			path = WorldOfGolf;
			sourceTree = "<group>";
		};
		33E58B4A287F14ED007EEEE7 /* WorldOfGolfTests */ = {
			isa = PBXGroup;
			children = (
				33E58B4B287F14ED007EEEE7 /* WorldOfGolfTests.swift */,
			);
			path = WorldOfGolfTests;
			sourceTree = "<group>";
		};
		33E58B54287F14ED007EEEE7 /* WorldOfGolfUITests */ = {
			isa = PBXGroup;
			children = (
				33E58B55287F14ED007EEEE7 /* WorldOfGolfUITests.swift */,
				33E58B57287F14ED007EEEE7 /* WorldOfGolfUITestsLaunchTests.swift */,
			);
			path = WorldOfGolfUITests;
			sourceTree = "<group>";
		};
		33E58B67287F17C4007EEEE7 /* Ui */ = {
			isa = PBXGroup;
			children = (
				4EC906042882EC440073AACA /* Interactive */,
				33F98EFA2881A140004EEB37 /* Athletes */,
				33F98EF92881A130004EEB37 /* Championships */,
				33F98EF82881A11C004EEB37 /* Inventory */,
				33F98EF72881A10D004EEB37 /* Details */,
				33F98EF62881A0F5004EEB37 /* Rules */,
				33F98EF52881A0D6004EEB37 /* Main */,
				33E58B69287F2637007EEEE7 /* Menu */,
			);
			path = Ui;
			sourceTree = "<group>";
		};
		33E58B69287F2637007EEEE7 /* Menu */ = {
			isa = PBXGroup;
			children = (
				33E58B6A287F2654007EEEE7 /* MenuViewController.swift */,
				33E58B6C287F27F7007EEEE7 /* MenuFirstTableViewCell.swift */,
				33E58B6E287F281A007EEEE7 /* MenuSecondTableViewCell.swift */,
			);
			path = Menu;
			sourceTree = "<group>";
		};
		33F98EF52881A0D6004EEB37 /* Main */ = {
			isa = PBXGroup;
			children = (
				33F98F072881A207004EEB37 /* MainViewController.swift */,
				4E7D0F4E2886CD20001FAB3E /* ImageCell.swift */,
				4E7D0F502886D283001FAB3E /* ExpandableTableViewCell.swift */,
			);
			path = Main;
			sourceTree = "<group>";
		};
		33F98EF62881A0F5004EEB37 /* Rules */ = {
			isa = PBXGroup;
			children = (
				33F98F032881A1F0004EEB37 /* RulesViewController.swift */,
				334C54FF2886DE9500C4160E /* ExpandableViewCell.swift */,
				4EA17E77288823240082690C /* ExpandedTableViewCell.swift */,
			);
			path = Rules;
			sourceTree = "<group>";
		};
		33F98EF72881A10D004EEB37 /* Details */ = {
			isa = PBXGroup;
			children = (
				33F98F052881A1F8004EEB37 /* DetailsViewController.swift */,
			);
			path = Details;
			sourceTree = "<group>";
		};
		33F98EF82881A11C004EEB37 /* Inventory */ = {
			isa = PBXGroup;
			children = (
				33F98F012881A1E6004EEB37 /* InventoryViewController.swift */,
			);
			path = Inventory;
			sourceTree = "<group>";
		};
		33F98EF92881A130004EEB37 /* Championships */ = {
			isa = PBXGroup;
			children = (
				33F98EFF2881A1C9004EEB37 /* ChampionshipsViewController.swift */,
			);
			path = Championships;
			sourceTree = "<group>";
		};
		33F98EFA2881A140004EEB37 /* Athletes */ = {
			isa = PBXGroup;
			children = (
				33F98EFB2881A19A004EEB37 /* AthletesViewController.swift */,
				334C550128873D3100C4160E /* FamousAthletesTableViewCell.swift */,
			);
			path = Athletes;
			sourceTree = "<group>";
		};
		4EC905FF2882E00D0073AACA /* Util */ = {
			isa = PBXGroup;
			children = (
				4EC906002882E0190073AACA /* UIImage+.swift */,
				4EC906022882E2980073AACA /* UI+.swift */,
			);
			path = Util;
			sourceTree = "<group>";
		};
		4EC906042882EC440073AACA /* Interactive */ = {
			isa = PBXGroup;
			children = (
				4EC906052882EC6D0073AACA /* InteractiveViewController.swift */,
			);
			path = Interactive;
			sourceTree = "<group>";
		};
/* End PBXGroup section */

/* Begin PBXNativeTarget section */
		33E58B30287F14EC007EEEE7 /* WorldOfGolf */ = {
			isa = PBXNativeTarget;
			buildConfigurationList = 33E58B5B287F14ED007EEEE7 /* Build configuration list for PBXNativeTarget "WorldOfGolf" */;
			buildPhases = (
				33E58B2D287F14EC007EEEE7 /* Sources */,
				33E58B2E287F14EC007EEEE7 /* Frameworks */,
				33E58B2F287F14EC007EEEE7 /* Resources */,
			);
			buildRules = (
			);
			dependencies = (
			);
			name = WorldOfGolf;
			productName = WorldOfGolf;
			productReference = 33E58B31287F14EC007EEEE7 /* WorldOfGolf.app */;
			productType = "com.apple.product-type.application";
		};
		33E58B46287F14ED007EEEE7 /* WorldOfGolfTests */ = {
			isa = PBXNativeTarget;
			buildConfigurationList = 33E58B5E287F14ED007EEEE7 /* Build configuration list for PBXNativeTarget "WorldOfGolfTests" */;
			buildPhases = (
				33E58B43287F14ED007EEEE7 /* Sources */,
				33E58B44287F14ED007EEEE7 /* Frameworks */,
				33E58B45287F14ED007EEEE7 /* Resources */,
			);
			buildRules = (
			);
			dependencies = (
				33E58B49287F14ED007EEEE7 /* PBXTargetDependency */,
			);
			name = WorldOfGolfTests;
			productName = WorldOfGolfTests;
			productReference = 33E58B47287F14ED007EEEE7 /* WorldOfGolfTests.xctest */;
			productType = "com.apple.product-type.bundle.unit-test";
		};
		33E58B50287F14ED007EEEE7 /* WorldOfGolfUITests */ = {
			isa = PBXNativeTarget;
			buildConfigurationList = 33E58B61287F14ED007EEEE7 /* Build configuration list for PBXNativeTarget "WorldOfGolfUITests" */;
			buildPhases = (
				33E58B4D287F14ED007EEEE7 /* Sources */,
				33E58B4E287F14ED007EEEE7 /* Frameworks */,
				33E58B4F287F14ED007EEEE7 /* Resources */,
			);
			buildRules = (
			);
			dependencies = (
				33E58B53287F14ED007EEEE7 /* PBXTargetDependency */,
			);
			name = WorldOfGolfUITests;
			productName = WorldOfGolfUITests;
			productReference = 33E58B51287F14ED007EEEE7 /* WorldOfGolfUITests.xctest */;
			productType = "com.apple.product-type.bundle.ui-testing";
		};
/* End PBXNativeTarget section */

/* Begin PBXProject section */
		33E58B29287F14EC007EEEE7 /* Project object */ = {
			isa = PBXProject;
			attributes = {
				BuildIndependentTargetsInParallel = 1;
				LastSwiftUpdateCheck = 1330;
				LastUpgradeCheck = 1330;
				TargetAttributes = {
					33E58B30287F14EC007EEEE7 = {
						CreatedOnToolsVersion = 13.3.1;
					};
					33E58B46287F14ED007EEEE7 = {
						CreatedOnToolsVersion = 13.3.1;
						TestTargetID = 33E58B30287F14EC007EEEE7;
					};
					33E58B50287F14ED007EEEE7 = {
						CreatedOnToolsVersion = 13.3.1;
						TestTargetID = 33E58B30287F14EC007EEEE7;
					};
				};
			};
			buildConfigurationList = 33E58B2C287F14EC007EEEE7 /* Build configuration list for PBXProject "WorldOfGolf" */;
			compatibilityVersion = "Xcode 13.0";
			developmentRegion = en;
			hasScannedForEncodings = 0;
			knownRegions = (
				en,
				Base,
				ru,
			);
			mainGroup = 33E58B28287F14EC007EEEE7;
			productRefGroup = 33E58B32287F14EC007EEEE7 /* Products */;
			projectDirPath = "";
			projectRoot = "";
			targets = (
				33E58B30287F14EC007EEEE7 /* WorldOfGolf */,
				33E58B46287F14ED007EEEE7 /* WorldOfGolfTests */,
				33E58B50287F14ED007EEEE7 /* WorldOfGolfUITests */,
			);
		};
/* End PBXProject section */

/* Begin PBXResourcesBuildPhase section */
		33E58B2F287F14EC007EEEE7 /* Resources */ = {
			isa = PBXResourcesBuildPhase;
			buildActionMask = 2147483647;
			files = (
				33E58B41287F14ED007EEEE7 /* LaunchScreen.storyboard in Resources */,
				334C550D2887408200C4160E /* Localizable.strings in Resources */,
				33E58B3E287F14ED007EEEE7 /* Assets.xcassets in Resources */,
				33E58B3C287F14EC007EEEE7 /* Main.storyboard in Resources */,
			);
			runOnlyForDeploymentPostprocessing = 0;
		};
		33E58B45287F14ED007EEEE7 /* Resources */ = {
			isa = PBXResourcesBuildPhase;
			buildActionMask = 2147483647;
			files = (
			);
			runOnlyForDeploymentPostprocessing = 0;
		};
		33E58B4F287F14ED007EEEE7 /* Resources */ = {
			isa = PBXResourcesBuildPhase;
			buildActionMask = 2147483647;
			files = (
			);
			runOnlyForDeploymentPostprocessing = 0;
		};
/* End PBXResourcesBuildPhase section */

/* Begin PBXSourcesBuildPhase section */
		33E58B2D287F14EC007EEEE7 /* Sources */ = {
			isa = PBXSourcesBuildPhase;
			buildActionMask = 2147483647;
			files = (
				4EC906062882EC6D0073AACA /* InteractiveViewController.swift in Sources */,
				33F98F042881A1F0004EEB37 /* RulesViewController.swift in Sources */,
				33E58B39287F14EC007EEEE7 /* ViewController.swift in Sources */,
				33F98F022881A1E6004EEB37 /* InventoryViewController.swift in Sources */,
				334C550228873D3100C4160E /* FamousAthletesTableViewCell.swift in Sources */,
				33F98F082881A207004EEB37 /* MainViewController.swift in Sources */,
				33F98F062881A1F8004EEB37 /* DetailsViewController.swift in Sources */,
				4EC906032882E2980073AACA /* UI+.swift in Sources */,
				33E58B35287F14EC007EEEE7 /* AppDelegate.swift in Sources */,
				33E58B6D287F27F7007EEEE7 /* MenuFirstTableViewCell.swift in Sources */,
				33F98F002881A1C9004EEB37 /* ChampionshipsViewController.swift in Sources */,
				33E58B37287F14EC007EEEE7 /* SceneDelegate.swift in Sources */,
				4E7D0F512886D283001FAB3E /* ExpandableTableViewCell.swift in Sources */,
				4EC906012882E0190073AACA /* UIImage+.swift in Sources */,
				4EA17E78288823240082690C /* ExpandedTableViewCell.swift in Sources */,
				33E58B6F287F281A007EEEE7 /* MenuSecondTableViewCell.swift in Sources */,
				4E7D0F4F2886CD20001FAB3E /* ImageCell.swift in Sources */,
				33F98EFD2881A19A004EEB37 /* AthletesViewController.swift in Sources */,
				334C55002886DE9500C4160E /* ExpandableViewCell.swift in Sources */,
				33E58B6B287F2654007EEEE7 /* MenuViewController.swift in Sources */,
			);
			runOnlyForDeploymentPostprocessing = 0;
		};
		33E58B43287F14ED007EEEE7 /* Sources */ = {
			isa = PBXSourcesBuildPhase;
			buildActionMask = 2147483647;
			files = (
				33E58B4C287F14ED007EEEE7 /* WorldOfGolfTests.swift in Sources */,
			);
			runOnlyForDeploymentPostprocessing = 0;
		};
		33E58B4D287F14ED007EEEE7 /* Sources */ = {
			isa = PBXSourcesBuildPhase;
			buildActionMask = 2147483647;
			files = (
				33E58B58287F14ED007EEEE7 /* WorldOfGolfUITestsLaunchTests.swift in Sources */,
				33E58B56287F14ED007EEEE7 /* WorldOfGolfUITests.swift in Sources */,
			);
			runOnlyForDeploymentPostprocessing = 0;
		};
/* End PBXSourcesBuildPhase section */

/* Begin PBXTargetDependency section */
		33E58B49287F14ED007EEEE7 /* PBXTargetDependency */ = {
			isa = PBXTargetDependency;
			target = 33E58B30287F14EC007EEEE7 /* WorldOfGolf */;
			targetProxy = 33E58B48287F14ED007EEEE7 /* PBXContainerItemProxy */;
		};
		33E58B53287F14ED007EEEE7 /* PBXTargetDependency */ = {
			isa = PBXTargetDependency;
			target = 33E58B30287F14EC007EEEE7 /* WorldOfGolf */;
			targetProxy = 33E58B52287F14ED007EEEE7 /* PBXContainerItemProxy */;
		};
/* End PBXTargetDependency section */

/* Begin PBXVariantGroup section */
		334C550F2887408200C4160E /* Localizable.strings */ = {
			isa = PBXVariantGroup;
			children = (
				334C550E2887408200C4160E /* en */,
				334C55102887408A00C4160E /* ru */,
			);
			name = Localizable.strings;
			sourceTree = "<group>";
		};
		33E58B3A287F14EC007EEEE7 /* Main.storyboard */ = {
			isa = PBXVariantGroup;
			children = (
				334C550728873F9300C4160E /* Base */,
				334C550928873FAF00C4160E /* ru */,
			);
			name = Main.storyboard;
			sourceTree = "<group>";
		};
		33E58B3F287F14ED007EEEE7 /* LaunchScreen.storyboard */ = {
			isa = PBXVariantGroup;
			children = (
				334C550828873F9300C4160E /* Base */,
				334C550A28873FAF00C4160E /* ru */,
			);
			name = LaunchScreen.storyboard;
			sourceTree = "<group>";
		};
/* End PBXVariantGroup section */

/* Begin XCBuildConfiguration section */
		33E58B59287F14ED007EEEE7 /* Debug */ = {
			isa = XCBuildConfiguration;
			buildSettings = {
				ALWAYS_SEARCH_USER_PATHS = NO;
				CLANG_ANALYZER_LOCALIZABILITY_NONLOCALIZED = YES;
				CLANG_ANALYZER_NONNULL = YES;
				CLANG_ANALYZER_NUMBER_OBJECT_CONVERSION = YES_AGGRESSIVE;
				CLANG_CXX_LANGUAGE_STANDARD = "gnu++17";
				CLANG_ENABLE_MODULES = YES;
				CLANG_ENABLE_OBJC_ARC = YES;
				CLANG_ENABLE_OBJC_WEAK = YES;
				CLANG_WARN_BLOCK_CAPTURE_AUTORELEASING = YES;
				CLANG_WARN_BOOL_CONVERSION = YES;
				CLANG_WARN_COMMA = YES;
				CLANG_WARN_CONSTANT_CONVERSION = YES;
				CLANG_WARN_DEPRECATED_OBJC_IMPLEMENTATIONS = YES;
				CLANG_WARN_DIRECT_OBJC_ISA_USAGE = YES_ERROR;
				CLANG_WARN_DOCUMENTATION_COMMENTS = YES;
				CLANG_WARN_EMPTY_BODY = YES;
				CLANG_WARN_ENUM_CONVERSION = YES;
				CLANG_WARN_INFINITE_RECURSION = YES;
				CLANG_WARN_INT_CONVERSION = YES;
				CLANG_WARN_NON_LITERAL_NULL_CONVERSION = YES;
				CLANG_WARN_OBJC_IMPLICIT_RETAIN_SELF = YES;
				CLANG_WARN_OBJC_LITERAL_CONVERSION = YES;
				CLANG_WARN_OBJC_ROOT_CLASS = YES_ERROR;
				CLANG_WARN_QUOTED_INCLUDE_IN_FRAMEWORK_HEADER = YES;
				CLANG_WARN_RANGE_LOOP_ANALYSIS = YES;
				CLANG_WARN_STRICT_PROTOTYPES = YES;
				CLANG_WARN_SUSPICIOUS_MOVE = YES;
				CLANG_WARN_UNGUARDED_AVAILABILITY = YES_AGGRESSIVE;
				CLANG_WARN_UNREACHABLE_CODE = YES;
				CLANG_WARN__DUPLICATE_METHOD_MATCH = YES;
				COPY_PHASE_STRIP = NO;
				DEBUG_INFORMATION_FORMAT = dwarf;
				ENABLE_STRICT_OBJC_MSGSEND = YES;
				ENABLE_TESTABILITY = YES;
				GCC_C_LANGUAGE_STANDARD = gnu11;
				GCC_DYNAMIC_NO_PIC = NO;
				GCC_NO_COMMON_BLOCKS = YES;
				GCC_OPTIMIZATION_LEVEL = 0;
				GCC_PREPROCESSOR_DEFINITIONS = (
					"DEBUG=1",
					"$(inherited)",
				);
				GCC_WARN_64_TO_32_BIT_CONVERSION = YES;
				GCC_WARN_ABOUT_RETURN_TYPE = YES_ERROR;
				GCC_WARN_UNDECLARED_SELECTOR = YES;
				GCC_WARN_UNINITIALIZED_AUTOS = YES_AGGRESSIVE;
				GCC_WARN_UNUSED_FUNCTION = YES;
				GCC_WARN_UNUSED_VARIABLE = YES;
				IPHONEOS_DEPLOYMENT_TARGET = 15.4;
				MTL_ENABLE_DEBUG_INFO = INCLUDE_SOURCE;
				MTL_FAST_MATH = YES;
				ONLY_ACTIVE_ARCH = YES;
				SDKROOT = iphoneos;
				SWIFT_ACTIVE_COMPILATION_CONDITIONS = DEBUG;
				SWIFT_OPTIMIZATION_LEVEL = "-Onone";
			};
			name = Debug;
		};
		33E58B5A287F14ED007EEEE7 /* Release */ = {
			isa = XCBuildConfiguration;
			buildSettings = {
				ALWAYS_SEARCH_USER_PATHS = NO;
				CLANG_ANALYZER_LOCALIZABILITY_NONLOCALIZED = YES;
				CLANG_ANALYZER_NONNULL = YES;
				CLANG_ANALYZER_NUMBER_OBJECT_CONVERSION = YES_AGGRESSIVE;
				CLANG_CXX_LANGUAGE_STANDARD = "gnu++17";
				CLANG_ENABLE_MODULES = YES;
				CLANG_ENABLE_OBJC_ARC = YES;
				CLANG_ENABLE_OBJC_WEAK = YES;
				CLANG_WARN_BLOCK_CAPTURE_AUTORELEASING = YES;
				CLANG_WARN_BOOL_CONVERSION = YES;
				CLANG_WARN_COMMA = YES;
				CLANG_WARN_CONSTANT_CONVERSION = YES;
				CLANG_WARN_DEPRECATED_OBJC_IMPLEMENTATIONS = YES;
				CLANG_WARN_DIRECT_OBJC_ISA_USAGE = YES_ERROR;
				CLANG_WARN_DOCUMENTATION_COMMENTS = YES;
				CLANG_WARN_EMPTY_BODY = YES;
				CLANG_WARN_ENUM_CONVERSION = YES;
				CLANG_WARN_INFINITE_RECURSION = YES;
				CLANG_WARN_INT_CONVERSION = YES;
				CLANG_WARN_NON_LITERAL_NULL_CONVERSION = YES;
				CLANG_WARN_OBJC_IMPLICIT_RETAIN_SELF = YES;
				CLANG_WARN_OBJC_LITERAL_CONVERSION = YES;
				CLANG_WARN_OBJC_ROOT_CLASS = YES_ERROR;
				CLANG_WARN_QUOTED_INCLUDE_IN_FRAMEWORK_HEADER = YES;
				CLANG_WARN_RANGE_LOOP_ANALYSIS = YES;
				CLANG_WARN_STRICT_PROTOTYPES = YES;
				CLANG_WARN_SUSPICIOUS_MOVE = YES;
				CLANG_WARN_UNGUARDED_AVAILABILITY = YES_AGGRESSIVE;
				CLANG_WARN_UNREACHABLE_CODE = YES;
				CLANG_WARN__DUPLICATE_METHOD_MATCH = YES;
				COPY_PHASE_STRIP = NO;
				DEBUG_INFORMATION_FORMAT = "dwarf-with-dsym";
				ENABLE_NS_ASSERTIONS = NO;
				ENABLE_STRICT_OBJC_MSGSEND = YES;
				GCC_C_LANGUAGE_STANDARD = gnu11;
				GCC_NO_COMMON_BLOCKS = YES;
				GCC_WARN_64_TO_32_BIT_CONVERSION = YES;
				GCC_WARN_ABOUT_RETURN_TYPE = YES_ERROR;
				GCC_WARN_UNDECLARED_SELECTOR = YES;
				GCC_WARN_UNINITIALIZED_AUTOS = YES_AGGRESSIVE;
				GCC_WARN_UNUSED_FUNCTION = YES;
				GCC_WARN_UNUSED_VARIABLE = YES;
				IPHONEOS_DEPLOYMENT_TARGET = 15.4;
				MTL_ENABLE_DEBUG_INFO = NO;
				MTL_FAST_MATH = YES;
				SDKROOT = iphoneos;
				SWIFT_COMPILATION_MODE = wholemodule;
				SWIFT_OPTIMIZATION_LEVEL = "-O";
				VALIDATE_PRODUCT = YES;
			};
			name = Release;
		};
		33E58B5C287F14ED007EEEE7 /* Debug */ = {
			isa = XCBuildConfiguration;
			buildSettings = {
				ASSETCATALOG_COMPILER_APPICON_NAME = AppIcon;
				ASSETCATALOG_COMPILER_GLOBAL_ACCENT_COLOR_NAME = AccentColor;
				CODE_SIGN_STYLE = Automatic;
				CURRENT_PROJECT_VERSION = 1;
				DEVELOPMENT_TEAM = FX48YA4D8H;
				GENERATE_INFOPLIST_FILE = YES;
				INFOPLIST_FILE = WorldOfGolf/Info.plist;
				INFOPLIST_KEY_UIApplicationSupportsIndirectInputEvents = YES;
				INFOPLIST_KEY_UILaunchStoryboardName = LaunchScreen;
				INFOPLIST_KEY_UIMainStoryboardFile = Main;
				INFOPLIST_KEY_UISupportedInterfaceOrientations_iPad = "UIInterfaceOrientationPortrait UIInterfaceOrientationPortraitUpsideDown UIInterfaceOrientationLandscapeLeft UIInterfaceOrientationLandscapeRight";
				INFOPLIST_KEY_UISupportedInterfaceOrientations_iPhone = "UIInterfaceOrientationPortrait UIInterfaceOrientationLandscapeLeft UIInterfaceOrientationLandscapeRight";
				LD_RUNPATH_SEARCH_PATHS = (
					"$(inherited)",
					"@executable_path/Frameworks",
				);
				MARKETING_VERSION = 1.0;
				PRODUCT_BUNDLE_IDENTIFIER = personal.WorldOfGolf;
				PRODUCT_NAME = "$(TARGET_NAME)";
				SWIFT_EMIT_LOC_STRINGS = YES;
				SWIFT_VERSION = 5.0;
				TARGETED_DEVICE_FAMILY = "1,2";
			};
			name = Debug;
		};
		33E58B5D287F14ED007EEEE7 /* Release */ = {
			isa = XCBuildConfiguration;
			buildSettings = {
				ASSETCATALOG_COMPILER_APPICON_NAME = AppIcon;
				ASSETCATALOG_COMPILER_GLOBAL_ACCENT_COLOR_NAME = AccentColor;
				CODE_SIGN_STYLE = Automatic;
				CURRENT_PROJECT_VERSION = 1;
				DEVELOPMENT_TEAM = FX48YA4D8H;
				GENERATE_INFOPLIST_FILE = YES;
				INFOPLIST_FILE = WorldOfGolf/Info.plist;
				INFOPLIST_KEY_UIApplicationSupportsIndirectInputEvents = YES;
				INFOPLIST_KEY_UILaunchStoryboardName = LaunchScreen;
				INFOPLIST_KEY_UIMainStoryboardFile = Main;
				INFOPLIST_KEY_UISupportedInterfaceOrientations_iPad = "UIInterfaceOrientationPortrait UIInterfaceOrientationPortraitUpsideDown UIInterfaceOrientationLandscapeLeft UIInterfaceOrientationLandscapeRight";
				INFOPLIST_KEY_UISupportedInterfaceOrientations_iPhone = "UIInterfaceOrientationPortrait UIInterfaceOrientationLandscapeLeft UIInterfaceOrientationLandscapeRight";
				LD_RUNPATH_SEARCH_PATHS = (
					"$(inherited)",
					"@executable_path/Frameworks",
				);
				MARKETING_VERSION = 1.0;
				PRODUCT_BUNDLE_IDENTIFIER = personal.WorldOfGolf;
				PRODUCT_NAME = "$(TARGET_NAME)";
				SWIFT_EMIT_LOC_STRINGS = YES;
				SWIFT_VERSION = 5.0;
				TARGETED_DEVICE_FAMILY = "1,2";
			};
			name = Release;
		};
		33E58B5F287F14ED007EEEE7 /* Debug */ = {
			isa = XCBuildConfiguration;
			buildSettings = {
				ALWAYS_EMBED_SWIFT_STANDARD_LIBRARIES = YES;
				BUNDLE_LOADER = "$(TEST_HOST)";
				CODE_SIGN_STYLE = Automatic;
				CURRENT_PROJECT_VERSION = 1;
				DEVELOPMENT_TEAM = 6D82VTY2F2;
				GENERATE_INFOPLIST_FILE = YES;
				IPHONEOS_DEPLOYMENT_TARGET = 15.4;
				MARKETING_VERSION = 1.0;
				PRODUCT_BUNDLE_IDENTIFIER = personal.WorldOfGolfTests;
				PRODUCT_NAME = "$(TARGET_NAME)";
				SWIFT_EMIT_LOC_STRINGS = NO;
				SWIFT_VERSION = 5.0;
				TARGETED_DEVICE_FAMILY = "1,2";
				TEST_HOST = "$(BUILT_PRODUCTS_DIR)/WorldOfGolf.app/WorldOfGolf";
			};
			name = Debug;
		};
		33E58B60287F14ED007EEEE7 /* Release */ = {
			isa = XCBuildConfiguration;
			buildSettings = {
				ALWAYS_EMBED_SWIFT_STANDARD_LIBRARIES = YES;
				BUNDLE_LOADER = "$(TEST_HOST)";
				CODE_SIGN_STYLE = Automatic;
				CURRENT_PROJECT_VERSION = 1;
				DEVELOPMENT_TEAM = 6D82VTY2F2;
				GENERATE_INFOPLIST_FILE = YES;
				IPHONEOS_DEPLOYMENT_TARGET = 15.4;
				MARKETING_VERSION = 1.0;
				PRODUCT_BUNDLE_IDENTIFIER = personal.WorldOfGolfTests;
				PRODUCT_NAME = "$(TARGET_NAME)";
				SWIFT_EMIT_LOC_STRINGS = NO;
				SWIFT_VERSION = 5.0;
				TARGETED_DEVICE_FAMILY = "1,2";
				TEST_HOST = "$(BUILT_PRODUCTS_DIR)/WorldOfGolf.app/WorldOfGolf";
			};
			name = Release;
		};
		33E58B62287F14ED007EEEE7 /* Debug */ = {
			isa = XCBuildConfiguration;
			buildSettings = {
				ALWAYS_EMBED_SWIFT_STANDARD_LIBRARIES = YES;
				CODE_SIGN_STYLE = Automatic;
				CURRENT_PROJECT_VERSION = 1;
				DEVELOPMENT_TEAM = 6D82VTY2F2;
				GENERATE_INFOPLIST_FILE = YES;
				MARKETING_VERSION = 1.0;
				PRODUCT_BUNDLE_IDENTIFIER = personal.WorldOfGolfUITests;
				PRODUCT_NAME = "$(TARGET_NAME)";
				SWIFT_EMIT_LOC_STRINGS = NO;
				SWIFT_VERSION = 5.0;
				TARGETED_DEVICE_FAMILY = "1,2";
				TEST_TARGET_NAME = WorldOfGolf;
			};
			name = Debug;
		};
		33E58B63287F14ED007EEEE7 /* Release */ = {
			isa = XCBuildConfiguration;
			buildSettings = {
				ALWAYS_EMBED_SWIFT_STANDARD_LIBRARIES = YES;
				CODE_SIGN_STYLE = Automatic;
				CURRENT_PROJECT_VERSION = 1;
				DEVELOPMENT_TEAM = 6D82VTY2F2;
				GENERATE_INFOPLIST_FILE = YES;
				MARKETING_VERSION = 1.0;
				PRODUCT_BUNDLE_IDENTIFIER = personal.WorldOfGolfUITests;
				PRODUCT_NAME = "$(TARGET_NAME)";
				SWIFT_EMIT_LOC_STRINGS = NO;
				SWIFT_VERSION = 5.0;
				TARGETED_DEVICE_FAMILY = "1,2";
				TEST_TARGET_NAME = WorldOfGolf;
			};
			name = Release;
		};
/* End XCBuildConfiguration section */

/* Begin XCConfigurationList section */
		33E58B2C287F14EC007EEEE7 /* Build configuration list for PBXProject "WorldOfGolf" */ = {
			isa = XCConfigurationList;
			buildConfigurations = (
				33E58B59287F14ED007EEEE7 /* Debug */,
				33E58B5A287F14ED007EEEE7 /* Release */,
			);
			defaultConfigurationIsVisible = 0;
			defaultConfigurationName = Release;
		};
		33E58B5B287F14ED007EEEE7 /* Build configuration list for PBXNativeTarget "WorldOfGolf" */ = {
			isa = XCConfigurationList;
			buildConfigurations = (
				33E58B5C287F14ED007EEEE7 /* Debug */,
				33E58B5D287F14ED007EEEE7 /* Release */,
			);
			defaultConfigurationIsVisible = 0;
			defaultConfigurationName = Release;
		};
		33E58B5E287F14ED007EEEE7 /* Build configuration list for PBXNativeTarget "WorldOfGolfTests" */ = {
			isa = XCConfigurationList;
			buildConfigurations = (
				33E58B5F287F14ED007EEEE7 /* Debug */,
				33E58B60287F14ED007EEEE7 /* Release */,
			);
			defaultConfigurationIsVisible = 0;
			defaultConfigurationName = Release;
		};
		33E58B61287F14ED007EEEE7 /* Build configuration list for PBXNativeTarget "WorldOfGolfUITests" */ = {
			isa = XCConfigurationList;
			buildConfigurations = (
				33E58B62287F14ED007EEEE7 /* Debug */,
				33E58B63287F14ED007EEEE7 /* Release */,
			);
			defaultConfigurationIsVisible = 0;
			defaultConfigurationName = Release;
		};
/* End XCConfigurationList section */
	};
	rootObject = 33E58B29287F14EC007EEEE7 /* Project object */;
}
